
Microsoft Visual Studio Solution File, Format Version 12.00
# Visual Studio 15
VisualStudioVersion = 15.0.26403.3
MinimumVisualStudioVersion = 10.0.40219.1
Project("{2150E333-8FDC-42A3-9474-1A3956D46DE8}") = "Solution Items", "Solution Items", "{223D26ED-3694-4CA6-9B3C-FAFB692882C2}"
	ProjectSection(SolutionItems) = preProject
		..\.gitignore = ..\.gitignore
		..\appveyor.yml = ..\appveyor.yml
		..\CHANGELOG.md = ..\CHANGELOG.md
		config.nsdepcop = config.nsdepcop
		..\Contribute.md = ..\Contribute.md
		..\Help.md = ..\Help.md
		..\LICENSE = ..\LICENSE
		..\README.md = ..\README.md
	EndProjectSection
EndProject
Project("{2150E333-8FDC-42A3-9474-1A3956D46DE8}") = "include", "include", "{6F495DB2-5604-493B-A673-C5D2A857CEAE}"
	ProjectSection(SolutionItems) = preProject
		include\CommonAssemblyInfo.cs = include\CommonAssemblyInfo.cs
		include\VersionInfo.cs = include\VersionInfo.cs
	EndProjectSection
EndProject
Project("{9A19103F-16F7-4668-BE54-9A1E7A4F7556}") = "Codartis.SoftVis.TestHostApp", "Codartis.SoftVis.TestHostApp\Codartis.SoftVis.TestHostApp.csproj", "{E8E3E172-0A9D-493E-A932-531066699E35}"
EndProject
Project("{9A19103F-16F7-4668-BE54-9A1E7A4F7556}") = "Codartis.SoftVis", "Codartis.SoftVis\Codartis.SoftVis.csproj", "{9A600B8E-7C32-4DAE-B61C-55FB78051F81}"
EndProject
Project("{9A19103F-16F7-4668-BE54-9A1E7A4F7556}") = "Codartis.SoftVis.UnitTests", "Codartis.SoftVis.UnitTests\Codartis.SoftVis.UnitTests.csproj", "{FC3EA899-EA0E-4E39-B414-A37B648EDA5F}"
EndProject
Project("{9A19103F-16F7-4668-BE54-9A1E7A4F7556}") = "Codartis.Util", "Codartis.Util\Codartis.Util.csproj", "{04B8C468-787F-45B2-BD98-31E05C646099}"
EndProject
Project("{9A19103F-16F7-4668-BE54-9A1E7A4F7556}") = "Codartis.Util.UnitTests", "Codartis.Util.UnitTests\Codartis.Util.UnitTests.csproj", "{715F370E-3A0C-4214-B51D-BC0A2C3259F3}"
EndProject
Global
	GlobalSection(SolutionConfigurationPlatforms) = preSolution
		Debug|Any CPU = Debug|Any CPU
		Release|Any CPU = Release|Any CPU
	EndGlobalSection
	GlobalSection(ProjectConfigurationPlatforms) = postSolution
		{E8E3E172-0A9D-493E-A932-531066699E35}.Debug|Any CPU.ActiveCfg = Debug|Any CPU
		{E8E3E172-0A9D-493E-A932-531066699E35}.Debug|Any CPU.Build.0 = Debug|Any CPU
		{E8E3E172-0A9D-493E-A932-531066699E35}.Release|Any CPU.ActiveCfg = Release|Any CPU
		{E8E3E172-0A9D-493E-A932-531066699E35}.Release|Any CPU.Build.0 = Release|Any CPU
		{9A600B8E-7C32-4DAE-B61C-55FB78051F81}.Debug|Any CPU.ActiveCfg = Debug|Any CPU
		{9A600B8E-7C32-4DAE-B61C-55FB78051F81}.Debug|Any CPU.Build.0 = Debug|Any CPU
		{9A600B8E-7C32-4DAE-B61C-55FB78051F81}.Release|Any CPU.ActiveCfg = Release|Any CPU
		{9A600B8E-7C32-4DAE-B61C-55FB78051F81}.Release|Any CPU.Build.0 = Release|Any CPU
		{FC3EA899-EA0E-4E39-B414-A37B648EDA5F}.Debug|Any CPU.ActiveCfg = Debug|Any CPU
		{FC3EA899-EA0E-4E39-B414-A37B648EDA5F}.Debug|Any CPU.Build.0 = Debug|Any CPU
		{FC3EA899-EA0E-4E39-B414-A37B648EDA5F}.Release|Any CPU.ActiveCfg = Release|Any CPU
		{FC3EA899-EA0E-4E39-B414-A37B648EDA5F}.Release|Any CPU.Build.0 = Release|Any CPU
		{04B8C468-787F-45B2-BD98-31E05C646099}.Debug|Any CPU.ActiveCfg = Debug|Any CPU
		{04B8C468-787F-45B2-BD98-31E05C646099}.Debug|Any CPU.Build.0 = Debug|Any CPU
		{04B8C468-787F-45B2-BD98-31E05C646099}.Release|Any CPU.ActiveCfg = Release|Any CPU
		{04B8C468-787F-45B2-BD98-31E05C646099}.Release|Any CPU.Build.0 = Release|Any CPU
		{715F370E-3A0C-4214-B51D-BC0A2C3259F3}.Debug|Any CPU.ActiveCfg = Debug|Any CPU
		{715F370E-3A0C-4214-B51D-BC0A2C3259F3}.Debug|Any CPU.Build.0 = Debug|Any CPU
		{715F370E-3A0C-4214-B51D-BC0A2C3259F3}.Release|Any CPU.ActiveCfg = Release|Any CPU
		{715F370E-3A0C-4214-B51D-BC0A2C3259F3}.Release|Any CPU.Build.0 = Release|Any CPU
	EndGlobalSection
	GlobalSection(SolutionProperties) = preSolution
		HideSolutionNode = FALSE
	EndGlobalSection
	GlobalSection(ExtensibilityGlobals) = postSolution
		SolutionGuid = {A557DF75-7BF8-474F-A6F9-0333ABDE0477}
	EndGlobalSection
EndGlobal
